
Microsoft Visual Studio Solution File, Format Version 12.00
# Visual Studio Version 17
VisualStudioVersion = 17.1.32228.430
MinimumVisualStudioVersion = 10.0.40219.1
Project("{9A19103F-16F7-4668-BE54-9A1E7A4F7556}") = "COVID19-UpdatesWebAPI.Net6", "COVID19-UpdatesWebAPI.Net6\COVID19-UpdatesWebAPI.Net6.csproj", "{F282BF34-AAEA-4D26-9464-39D9734B06AA}"
EndProject
Project("{FAE04EC0-301F-11D3-BF4B-00C04F79EFBC}") = "COVID19-UpdatesWebAPI.Net6.XUnitTest", "COVID19-UpdatesWebAPI.Net6.XUnitTest\COVID19-UpdatesWebAPI.Net6.XUnitTest.csproj", "{D90322B6-E677-4C54-B9E8-9702782673A0}"
EndProject
Global
	GlobalSection(SolutionConfigurationPlatforms) = preSolution
		Debug|Any CPU = Debug|Any CPU
		Release|Any CPU = Release|Any CPU
	EndGlobalSection
	GlobalSection(ProjectConfigurationPlatforms) = postSolution
		{F282BF34-AAEA-4D26-9464-39D9734B06AA}.Debug|Any CPU.ActiveCfg = Debug|Any CPU
		{F282BF34-AAEA-4D26-9464-39D9734B06AA}.Debug|Any CPU.Build.0 = Debug|Any CPU
		{F282BF34-AAEA-4D26-9464-39D9734B06AA}.Release|Any CPU.ActiveCfg = Release|Any CPU
		{F282BF34-AAEA-4D26-9464-39D9734B06AA}.Release|Any CPU.Build.0 = Release|Any CPU
		{D90322B6-E677-4C54-B9E8-9702782673A0}.Debug|Any CPU.ActiveCfg = Debug|Any CPU
		{D90322B6-E677-4C54-B9E8-9702782673A0}.Debug|Any CPU.Build.0 = Debug|Any CPU
		{D90322B6-E677-4C54-B9E8-9702782673A0}.Release|Any CPU.ActiveCfg = Release|Any CPU
		{D90322B6-E677-4C54-B9E8-9702782673A0}.Release|Any CPU.Build.0 = Release|Any CPU
	EndGlobalSection
	GlobalSection(SolutionProperties) = preSolution
		HideSolutionNode = FALSE
	EndGlobalSection
	GlobalSection(ExtensibilityGlobals) = postSolution
		SolutionGuid = {EC55830F-F163-43EC-A017-0DBA458814C3}
	EndGlobalSection
EndGlobal
